{
  "version": 4,
  "terraform_version": "1.14.6",
  "serial": 15,
  "lineage": "6d72d2b3-6b27-b7b3-6aa1-6d9b9f16cfc6",
  "outputs": {
    "instance_public_ips": {
      "value": {
        "instance1": "18.228.124.31"
      },
      "type": [
        "object",
        {
          "instance1": "string"
        }
      ]
    },
    "instance_ssh_private_keys": {
      "value": {
        "instance1": "-----BEGIN RSA PRIVATE KEY-----\nMIIEoQIBAAKCAQEAs5hVOC7+Wzsm8yy/kBnAzRcUkp6rmBXbhbZgniGH6EGU6Txr\n1f9CcG/FzrHqh2eizN308db95tZIXuO7DuSLGNLr7BSxJYvT/nag805NiuLXf9Ws\nep7sZGI6uir/+nC7QhcDH+1AG+Ob/zY6T3esnLdzBujW529gmczixO2lCHk9Th0X\nyXuL0O2IcxeO5XVvUzB7hltZaqCPbtptxICtiCSxtsiqcMv3LnHlDX/K5ZDhjPmU\nKdYBhT+WE0VTm0l9H1/anOHv/QviGZKujCR9a1X2pscDEiHfpcxQ3ovfsZReshhN\njPG7qQgFX8DBgXU4c1mXH3VhyZI8U5P7T6SLCQIDAQABAoH/QEclORaYss5ZAm/h\noBGXj8/S7ScdAzHPf+vmaLJXkijmwxN9BPp3LQbUJUZISm4tNmW6ZVQtS5EmFdAs\nAwiJQDk9dyFwxZ9mII0UzgAYgLzvpDE1qi13LfZ6TmdVdq0iWGUkGSkw6Mpt6snd\n1NNgVDbUVITBZdPXHzTVdOYZSw5/1TuWuZG0h/UU99benX3ZlNrfTpPWMnT6LZdG\nEaFWRvX3s2yRYvswgbTARV8RwzosH8VYThqpND9OWy+OR8cfLcBThvOVsqWxXJKk\n9VPWPdecJgUBDEJYNLAJqhXRfRrVY6sqCo3iD9SdgvVUfOp4B72omLADYP4xhPwA\nymxBAoGBAOFeDvfRFjWrTawsdtPByIB04CVXmiwWArQ+qYaLhzEBUKU9IPj0jiby\nHbJyZsPY0HIoIHYFZuGZ/1EIqYJ0rwMYqMFbSFUUl192//9HNxrKhx7gTn0jvUZf\nKFs3NTpZ5CHu6sS7Amwd+Qg3MhS0WN5dk6kIpTnCdXpK6aC8GB3JAoGBAMwBkU/v\nkpXHkkX1H5zhtLbIyU5lYLtoDXprBhSHICq2MVAgjL+ihYvRDUdGlifarcHiCb/7\nXWhmcXxIctn6A9/HgaZGEAmNWexu1x7xL53Owfx47L8FDqJ0TV0YgEFAJ3qYkDj0\nP9mFkoKp7F4FWfDDHRBrwu2Eec45EEWNHqNBAoGAdj71t40bDBnPbTD/P+gDHXM1\nUCKAn/UEgjIGnLOEwW+hMrG6JSWbmE+cyU5BIS0XYW4wafw3mNNGJOxYlDxIv2Um\n1hzg/NMLAWncs8JX5VSyRL8IL5ya6NtwvzteUDlt+2fyAjrk8HlherALNNXTcwjC\nOwRwPLgND5dSsaU/OhECgYEAoKKLXTnzXmTq1JMS9WDz/wlTGZvR8z8XfdFP1FIi\nDf+wDLvUmADMzy8pGXqHOZKDRytJKhYvksk3ivkxFlo7OrXJbLe2YQ8gQ39zfDXF\nnKj1Lmu5XyAISfrx/+AO/VIaw/nldjM9I3Z9ys0qBU6JZ377H7b6ojOyBaQBIALi\noQECgYBEeiUslDInfG6rAsZUKbhTkmdHAcvMdIRPSuMSsfn5hgxCbtyS+E7LQsIU\n50zXBffIzxi6tP6mw6g7bP8l+HOriMVX8CNIphTb39Iw46+zSjc4jULIqRgztq2G\n8/A4jD5Ib8zczAgDIXKu5w8c++peaLD3PGdT1Neg2OxEWrsW3A==\n-----END RSA PRIVATE KEY-----\n"
      },
      "type": [
        "object",
        {
          "instance1": "string"
        }
      ],
      "sensitive": true
    }
  },
  "resources": [
    {
      "mode": "data",
      "type": "aws_ami",
      "name": "ubuntu",
      "provider": "provider[\"registry.terraform.io/hashicorp/aws\"]",
      "instances": [
        {
          "schema_version": 0,
          "attributes": {
            "architecture": "x86_64",
            "arn": "arn:aws:ec2:sa-east-1::image/ami-032ab7316dbf1ea74",
            "block_device_mappings": [
              {
                "device_name": "/dev/sda1",
                "ebs": {
                  "delete_on_termination": "true",
                  "encrypted": "false",
                  "iops": "0",
                  "snapshot_id": "snap-0e333bfc612e944e4",
                  "throughput": "0",
                  "volume_initialization_rate": "0",
                  "volume_size": "8",
                  "volume_type": "gp3"
                },
                "no_device": "",
                "virtual_name": ""
              },
              {
                "device_name": "/dev/sdb",
                "ebs": {},
                "no_device": "",
                "virtual_name": "ephemeral0"
              },
              {
                "device_name": "/dev/sdc",
                "ebs": {},
                "no_device": "",
                "virtual_name": "ephemeral1"
              }
            ],
            "boot_mode": "uefi-preferred",
            "creation_date": "2026-02-18T10:52:01.000Z",
            "deprecation_time": "2028-02-18T10:52:01.000Z",
            "description": "Canonical, Ubuntu, 24.04, amd64 noble image",
            "ena_support": true,
            "executable_users": null,
            "filter": [
              {
                "name": "name",
                "values": [
                  "ubuntu/images/hvm-ssd-gp3/ubuntu-noble-24.04-amd64-server-*"
                ]
              },
              {
                "name": "state",
                "values": [
                  "available"
                ]
              },
              {
                "name": "virtualization-type",
                "values": [
                  "hvm"
                ]
              }
            ],
            "hypervisor": "xen",
            "id": "ami-032ab7316dbf1ea74",
            "image_id": "ami-032ab7316dbf1ea74",
            "image_location": "amazon/ubuntu/images/hvm-ssd-gp3/ubuntu-noble-24.04-amd64-server-20260218",
            "image_owner_alias": "amazon",
            "image_type": "machine",
            "imds_support": "v2.0",
            "include_deprecated": false,
            "kernel_id": "",
            "last_launched_time": "",
            "most_recent": true,
            "name": "ubuntu/images/hvm-ssd-gp3/ubuntu-noble-24.04-amd64-server-20260218",
            "name_regex": null,
            "owner_id": "099720109477",
            "owners": [
              "099720109477"
            ],
            "platform": "",
            "platform_details": "Linux/UNIX",
            "product_codes": [],
            "public": true,
            "ramdisk_id": "",
            "root_device_name": "/dev/sda1",
            "root_device_type": "ebs",
            "root_snapshot_id": "snap-0e333bfc612e944e4",
            "sriov_net_support": "simple",
            "state": "available",
            "state_reason": {
              "code": "UNSET",
              "message": "UNSET"
            },
            "tags": {},
            "timeouts": null,
            "tpm_support": "",
            "uefi_data": null,
            "usage_operation": "RunInstances",
            "virtualization_type": "hvm"
          },
          "sensitive_attributes": [],
          "identity_schema_version": 0
        }
      ]
    },
    {
      "mode": "managed",
      "type": "aws_eip",
      "name": "eip",
      "provider": "provider[\"registry.terraform.io/hashicorp/aws\"]",
      "instances": [
        {
          "index_key": "instance1",
          "schema_version": 0,
          "attributes": {
            "address": null,
            "allocation_id": "eipalloc-0c3218d7c2fef8c7d",
            "arn": "arn:aws:ec2:sa-east-1:317006682323:elastic-ip/eipalloc-0c3218d7c2fef8c7d",
            "associate_with_private_ip": null,
            "association_id": "eipassoc-0bb6a1a2e5043114a",
            "carrier_ip": "",
            "customer_owned_ip": "",
            "customer_owned_ipv4_pool": "",
            "domain": "vpc",
            "id": "eipalloc-0c3218d7c2fef8c7d",
            "instance": "i-0222028da3d777307",
            "ipam_pool_id": null,
            "network_border_group": "sa-east-1",
            "network_interface": "eni-0f62e48d283ae2414",
            "private_dns": "ip-10-0-1-195.sa-east-1.compute.internal",
            "private_ip": "10.0.1.195",
            "ptr_record": "",
            "public_dns": "ec2-18-228-124-31.sa-east-1.compute.amazonaws.com",
            "public_ip": "18.228.124.31",
            "public_ipv4_pool": "amazon",
            "tags": {
              "Environment": "production",
              "ManagedBy": "terraform",
              "Name": "Mineclifford-Innovation-Center-eip-instance1",
              "Owner": "minecraft",
              "Project": "Mineclifford-Innovation-Center"
            },
            "tags_all": {
              "Environment": "production",
              "ManagedBy": "terraform",
              "Name": "Mineclifford-Innovation-Center-eip-instance1",
              "Owner": "minecraft",
              "Project": "Mineclifford-Innovation-Center"
            },
            "timeouts": null,
            "vpc": true
          },
          "sensitive_attributes": [],
          "identity_schema_version": 0,
          "private": "eyJlMmJmYjczMC1lY2FhLTExZTYtOGY4OC0zNDM2M2JjN2M0YzAiOnsiZGVsZXRlIjoxODAwMDAwMDAwMDAsInJlYWQiOjkwMDAwMDAwMDAwMCwidXBkYXRlIjozMDAwMDAwMDAwMDB9fQ==",
          "create_before_destroy": true
        }
      ]
    },
    {
      "mode": "managed",
      "type": "aws_eip_association",
      "name": "eip_assoc",
      "provider": "provider[\"registry.terraform.io/hashicorp/aws\"]",
      "instances": [
        {
          "index_key": "instance1",
          "schema_version": 0,
          "attributes": {
            "allocation_id": "eipalloc-0c3218d7c2fef8c7d",
            "allow_reassociation": null,
            "id": "eipassoc-0bb6a1a2e5043114a",
            "instance_id": "i-0222028da3d777307",
            "network_interface_id": "eni-0f62e48d283ae2414",
            "private_ip_address": "10.0.1.195",
            "public_ip": "18.228.124.31"
          },
          "sensitive_attributes": [],
          "identity_schema_version": 0,
          "private": "bnVsbA==",
          "dependencies": [
            "aws_eip.eip",
            "aws_instance.instance",
            "aws_key_pair.generated_key",
            "aws_security_group.sg",
            "aws_subnet.subnet",
            "aws_vpc.vpc",
            "data.aws_ami.ubuntu",
            "module.ssh_keys.tls_private_key.ssh_key"
          ]
        }
      ]
    },
    {
      "mode": "managed",
      "type": "aws_instance",
      "name": "instance",
      "provider": "provider[\"registry.terraform.io/hashicorp/aws\"]",
      "instances": [
        {
          "index_key": "instance1",
          "schema_version": 1,
          "attributes": {
            "ami": "ami-032ab7316dbf1ea74",
            "arn": "arn:aws:ec2:sa-east-1:317006682323:instance/i-0222028da3d777307",
            "associate_public_ip_address": true,
            "availability_zone": "sa-east-1c",
            "capacity_reservation_specification": [
              {
                "capacity_reservation_preference": "open",
                "capacity_reservation_target": []
              }
            ],
            "cpu_core_count": 1,
            "cpu_options": [
              {
                "amd_sev_snp": "",
                "core_count": 1,
                "threads_per_core": 2
              }
            ],
            "cpu_threads_per_core": 2,
            "credit_specification": [
              {
                "cpu_credits": "unlimited"
              }
            ],
            "disable_api_stop": false,
            "disable_api_termination": false,
            "ebs_block_device": [],
            "ebs_optimized": false,
            "enable_primary_ipv6": null,
            "enclave_options": [
              {
                "enabled": false
              }
            ],
            "ephemeral_block_device": [],
            "get_password_data": false,
            "hibernation": false,
            "host_id": "",
            "host_resource_group_arn": null,
            "iam_instance_profile": "",
            "id": "i-0222028da3d777307",
            "instance_initiated_shutdown_behavior": "stop",
            "instance_lifecycle": "",
            "instance_market_options": [],
            "instance_state": "running",
            "instance_type": "t3.medium",
            "ipv6_address_count": 0,
            "ipv6_addresses": [],
            "key_name": "Mineclifford-Innovation-Center-instance1-key",
            "launch_template": [],
            "maintenance_options": [
              {
                "auto_recovery": "default"
              }
            ],
            "metadata_options": [
              {
                "http_endpoint": "enabled",
                "http_protocol_ipv6": "disabled",
                "http_put_response_hop_limit": 2,
                "http_tokens": "required",
                "instance_metadata_tags": "disabled"
              }
            ],
            "monitoring": false,
            "network_interface": [],
            "outpost_arn": "",
            "password_data": "",
            "placement_group": "",
            "placement_partition_number": 0,
            "primary_network_interface_id": "eni-0f62e48d283ae2414",
            "private_dns": "ip-10-0-1-195.sa-east-1.compute.internal",
            "private_dns_name_options": [
              {
                "enable_resource_name_dns_a_record": false,
                "enable_resource_name_dns_aaaa_record": false,
                "hostname_type": "ip-name"
              }
            ],
            "private_ip": "10.0.1.195",
            "public_dns": "ec2-18-228-124-31.sa-east-1.compute.amazonaws.com",
            "public_ip": "18.228.124.31",
            "root_block_device": [
              {
                "delete_on_termination": true,
                "device_name": "/dev/sda1",
                "encrypted": false,
                "iops": 3000,
                "kms_key_id": "",
                "tags": {},
                "tags_all": {},
                "throughput": 125,
                "volume_id": "vol-0357c71cb55362f0e",
                "volume_size": 30,
                "volume_type": "gp3"
              }
            ],
            "secondary_private_ips": [],
            "security_groups": [],
            "source_dest_check": true,
            "spot_instance_request_id": "",
            "subnet_id": "subnet-0e9d67e6c59eca408",
            "tags": {
              "Environment": "production",
              "ManagedBy": "terraform",
              "Name": "instance1",
              "Owner": "minecraft",
              "Project": "Mineclifford-Innovation-Center"
            },
            "tags_all": {
              "Environment": "production",
              "ManagedBy": "terraform",
              "Name": "instance1",
              "Owner": "minecraft",
              "Project": "Mineclifford-Innovation-Center"
            },
            "tenancy": "default",
            "timeouts": null,
            "user_data": null,
            "user_data_base64": null,
            "user_data_replace_on_change": false,
            "volume_tags": null,
            "vpc_security_group_ids": [
              "sg-00f01db55341d072a"
            ]
          },
          "sensitive_attributes": [],
          "identity_schema_version": 0,
          "private": "eyJlMmJmYjczMC1lY2FhLTExZTYtOGY4OC0zNDM2M2JjN2M0YzAiOnsiY3JlYXRlIjo2MDAwMDAwMDAwMDAsImRlbGV0ZSI6MTIwMDAwMDAwMDAwMCwicmVhZCI6OTAwMDAwMDAwMDAwLCJ1cGRhdGUiOjYwMDAwMDAwMDAwMH0sInNjaGVtYV92ZXJzaW9uIjoiMSJ9",
          "dependencies": [
            "aws_key_pair.generated_key",
            "aws_security_group.sg",
            "aws_subnet.subnet",
            "aws_vpc.vpc",
            "data.aws_ami.ubuntu",
            "module.ssh_keys.tls_private_key.ssh_key"
          ]
        }
      ]
    },
    {
      "mode": "managed",
      "type": "aws_internet_gateway",
      "name": "igw",
      "provider": "provider[\"registry.terraform.io/hashicorp/aws\"]",
      "instances": [
        {
          "schema_version": 0,
          "attributes": {
            "arn": "arn:aws:ec2:sa-east-1:317006682323:internet-gateway/igw-0bdda8ca446319a5e",
            "id": "igw-0bdda8ca446319a5e",
            "owner_id": "317006682323",
            "tags": {
              "Environment": "production",
              "ManagedBy": "terraform",
              "Name": "Mineclifford-Innovation-Center-igw",
              "Owner": "minecraft",
              "Project": "Mineclifford-Innovation-Center"
            },
            "tags_all": {
              "Environment": "production",
              "ManagedBy": "terraform",
              "Name": "Mineclifford-Innovation-Center-igw",
              "Owner": "minecraft",
              "Project": "Mineclifford-Innovation-Center"
            },
            "timeouts": null,
            "vpc_id": "vpc-05652a53f89cb66e2"
          },
          "sensitive_attributes": [],
          "identity_schema_version": 0,
          "private": "eyJlMmJmYjczMC1lY2FhLTExZTYtOGY4OC0zNDM2M2JjN2M0YzAiOnsiY3JlYXRlIjoxMjAwMDAwMDAwMDAwLCJkZWxldGUiOjEyMDAwMDAwMDAwMDAsInVwZGF0ZSI6MTIwMDAwMDAwMDAwMH19",
          "dependencies": [
            "aws_vpc.vpc"
          ]
        }
      ]
    },
    {
      "mode": "managed",
      "type": "aws_key_pair",
      "name": "generated_key",
      "provider": "provider[\"registry.terraform.io/hashicorp/aws\"]",
      "instances": [
        {
          "index_key": "instance1",
          "schema_version": 1,
          "attributes": {
            "arn": "arn:aws:ec2:sa-east-1:317006682323:key-pair/Mineclifford-Innovation-Center-instance1-key",
            "fingerprint": "8a:6d:ca:ee:df:b9:20:b1:c2:5e:e6:63:a2:90:db:c8",
            "id": "Mineclifford-Innovation-Center-instance1-key",
            "key_name": "Mineclifford-Innovation-Center-instance1-key",
            "key_name_prefix": "",
            "key_pair_id": "key-0cd3cf7d2ba28a4d0",
            "key_type": "rsa",
            "public_key": "ssh-rsa AAAAB3NzaC1yc2EAAAADAQABAAABAQCzmFU4Lv5bOybzLL+QGcDNFxSSnquYFduFtmCeIYfoQZTpPGvV/0Jwb8XOseqHZ6LM3fTx1v3m1khe47sO5IsY0uvsFLEli9P+dqDzTk2K4td/1ax6nuxkYjq6Kv/6cLtCFwMf7UAb45v/NjpPd6yct3MG6Nbnb2CZzOLE7aUIeT1OHRfJe4vQ7YhzF47ldW9TMHuGW1lqoI9u2m3EgK2IJLG2yKpwy/cuceUNf8rlkOGM+ZQp1gGFP5YTRVObSX0fX9qc4e/9C+IZkq6MJH1rVfamxwMSId+lzFDei9+xlF6yGE2M8bupCAVfwMGBdThzWZcfdWHJkjxTk/tPpIsJ",
            "tags": {},
            "tags_all": {}
          },
          "sensitive_attributes": [],
          "identity_schema_version": 0,
          "private": "eyJzY2hlbWFfdmVyc2lvbiI6IjEifQ==",
          "dependencies": [
            "module.ssh_keys.tls_private_key.ssh_key"
          ]
        }
      ]
    },
    {
      "mode": "managed",
      "type": "aws_route_table",
      "name": "rt",
      "provider": "provider[\"registry.terraform.io/hashicorp/aws\"]",
      "instances": [
        {
          "schema_version": 0,
          "attributes": {
            "arn": "arn:aws:ec2:sa-east-1:317006682323:route-table/rtb-011220ede87cb408d",
            "id": "rtb-011220ede87cb408d",
            "owner_id": "317006682323",
            "propagating_vgws": [],
            "route": [
              {
                "carrier_gateway_id": "",
                "cidr_block": "0.0.0.0/0",
                "core_network_arn": "",
                "destination_prefix_list_id": "",
                "egress_only_gateway_id": "",
                "gateway_id": "igw-0bdda8ca446319a5e",
                "ipv6_cidr_block": "",
                "local_gateway_id": "",
                "nat_gateway_id": "",
                "network_interface_id": "",
                "transit_gateway_id": "",
                "vpc_endpoint_id": "",
                "vpc_peering_connection_id": ""
              }
            ],
            "tags": {
              "Environment": "production",
              "ManagedBy": "terraform",
              "Name": "Mineclifford-Innovation-Center-rt",
              "Owner": "minecraft",
              "Project": "Mineclifford-Innovation-Center"
            },
            "tags_all": {
              "Environment": "production",
              "ManagedBy": "terraform",
              "Name": "Mineclifford-Innovation-Center-rt",
              "Owner": "minecraft",
              "Project": "Mineclifford-Innovation-Center"
            },
            "timeouts": null,
            "vpc_id": "vpc-05652a53f89cb66e2"
          },
          "sensitive_attributes": [],
          "identity_schema_version": 0,
          "private": "eyJlMmJmYjczMC1lY2FhLTExZTYtOGY4OC0zNDM2M2JjN2M0YzAiOnsiY3JlYXRlIjozMDAwMDAwMDAwMDAsImRlbGV0ZSI6MzAwMDAwMDAwMDAwLCJ1cGRhdGUiOjEyMDAwMDAwMDAwMH19",
          "dependencies": [
            "aws_internet_gateway.igw",
            "aws_vpc.vpc"
          ]
        }
      ]
    },
    {
      "mode": "managed",
      "type": "aws_route_table_association",
      "name": "rta",
      "provider": "provider[\"registry.terraform.io/hashicorp/aws\"]",
      "instances": [
        {
          "schema_version": 0,
          "attributes": {
            "gateway_id": "",
            "id": "rtbassoc-0ac164bd13f80a240",
            "route_table_id": "rtb-011220ede87cb408d",
            "subnet_id": "subnet-0e9d67e6c59eca408",
            "timeouts": null
          },
          "sensitive_attributes": [],
          "identity_schema_version": 0,
          "private": "eyJlMmJmYjczMC1lY2FhLTExZTYtOGY4OC0zNDM2M2JjN2M0YzAiOnsiY3JlYXRlIjozMDAwMDAwMDAwMDAsImRlbGV0ZSI6MzAwMDAwMDAwMDAwLCJ1cGRhdGUiOjEyMDAwMDAwMDAwMH19",
          "dependencies": [
            "aws_internet_gateway.igw",
            "aws_route_table.rt",
            "aws_subnet.subnet",
            "aws_vpc.vpc"
          ]
        }
      ]
    },
    {
      "mode": "managed",
      "type": "aws_security_group",
      "name": "sg",
      "provider": "provider[\"registry.terraform.io/hashicorp/aws\"]",
      "instances": [
        {
          "schema_version": 1,
          "attributes": {
            "arn": "arn:aws:ec2:sa-east-1:317006682323:security-group/sg-00f01db55341d072a",
            "description": "Security group for mineclifford project",
            "egress": [
              {
                "cidr_blocks": [
                  "0.0.0.0/0"
                ],
                "description": "Allow all outbound traffic",
                "from_port": 0,
                "ipv6_cidr_blocks": [],
                "prefix_list_ids": [],
                "protocol": "-1",
                "security_groups": [],
                "self": false,
                "to_port": 0
              }
            ],
            "id": "sg-00f01db55341d072a",
            "ingress": [
              {
                "cidr_blocks": [
                  "0.0.0.0/0"
                ],
                "description": "Allow grafana",
                "from_port": 3000,
                "ipv6_cidr_blocks": [],
                "prefix_list_ids": [],
                "protocol": "tcp",
                "security_groups": [],
                "self": false,
                "to_port": 3000
              },
              {
                "cidr_blocks": [
                  "0.0.0.0/0"
                ],
                "description": "Allow http",
                "from_port": 80,
                "ipv6_cidr_blocks": [],
                "prefix_list_ids": [],
                "protocol": "tcp",
                "security_groups": [],
                "self": false,
                "to_port": 80
              },
              {
                "cidr_blocks": [
                  "0.0.0.0/0"
                ],
                "description": "Allow https",
                "from_port": 443,
                "ipv6_cidr_blocks": [],
                "prefix_list_ids": [],
                "protocol": "tcp",
                "security_groups": [],
                "self": false,
                "to_port": 443
              },
              {
                "cidr_blocks": [
                  "0.0.0.0/0"
                ],
                "description": "Allow minecraft_bedrock",
                "from_port": 19132,
                "ipv6_cidr_blocks": [],
                "prefix_list_ids": [],
                "protocol": "udp",
                "security_groups": [],
                "self": false,
                "to_port": 19132
              },
              {
                "cidr_blocks": [
                  "0.0.0.0/0"
                ],
                "description": "Allow minecraft_java",
                "from_port": 25565,
                "ipv6_cidr_blocks": [],
                "prefix_list_ids": [],
                "protocol": "tcp",
                "security_groups": [],
                "self": false,
                "to_port": 25565
              },
              {
                "cidr_blocks": [
                  "0.0.0.0/0"
                ],
                "description": "Allow prometheus",
                "from_port": 9090,
                "ipv6_cidr_blocks": [],
                "prefix_list_ids": [],
                "protocol": "tcp",
                "security_groups": [],
                "self": false,
                "to_port": 9090
              },
              {
                "cidr_blocks": [
                  "0.0.0.0/0"
                ],
                "description": "Allow rcon_web_admin",
                "from_port": 4326,
                "ipv6_cidr_blocks": [],
                "prefix_list_ids": [],
                "protocol": "tcp",
                "security_groups": [],
                "self": false,
                "to_port": 4326
              },
              {
                "cidr_blocks": [
                  "0.0.0.0/0"
                ],
                "description": "Allow rcon_web_socket",
                "from_port": 4327,
                "ipv6_cidr_blocks": [],
                "prefix_list_ids": [],
                "protocol": "tcp",
                "security_groups": [],
                "self": false,
                "to_port": 4327
              },
              {
                "cidr_blocks": [
                  "0.0.0.0/0"
                ],
                "description": "Allow ssh",
                "from_port": 22,
                "ipv6_cidr_blocks": [],
                "prefix_list_ids": [],
                "protocol": "tcp",
                "security_groups": [],
                "self": false,
                "to_port": 22
              }
            ],
            "name": "Mineclifford-Innovation-Center-sg",
            "name_prefix": "",
            "owner_id": "317006682323",
            "revoke_rules_on_delete": false,
            "tags": {
              "Environment": "production",
              "ManagedBy": "terraform",
              "Name": "Mineclifford-Innovation-Center-sg",
              "Owner": "minecraft",
              "Project": "Mineclifford-Innovation-Center"
            },
            "tags_all": {
              "Environment": "production",
              "ManagedBy": "terraform",
              "Name": "Mineclifford-Innovation-Center-sg",
              "Owner": "minecraft",
              "Project": "Mineclifford-Innovation-Center"
            },
            "timeouts": null,
            "vpc_id": "vpc-05652a53f89cb66e2"
          },
          "sensitive_attributes": [],
          "identity_schema_version": 0,
          "private": "eyJlMmJmYjczMC1lY2FhLTExZTYtOGY4OC0zNDM2M2JjN2M0YzAiOnsiY3JlYXRlIjo2MDAwMDAwMDAwMDAsImRlbGV0ZSI6OTAwMDAwMDAwMDAwfSwic2NoZW1hX3ZlcnNpb24iOiIxIn0=",
          "dependencies": [
            "aws_vpc.vpc"
          ],
          "create_before_destroy": true
        }
      ]
    },
    {
      "mode": "managed",
      "type": "aws_subnet",
      "name": "subnet",
      "provider": "provider[\"registry.terraform.io/hashicorp/aws\"]",
      "instances": [
        {
          "schema_version": 1,
          "attributes": {
            "arn": "arn:aws:ec2:sa-east-1:317006682323:subnet/subnet-0e9d67e6c59eca408",
            "assign_ipv6_address_on_creation": false,
            "availability_zone": "sa-east-1c",
            "availability_zone_id": "sae1-az3",
            "cidr_block": "10.0.1.0/24",
            "customer_owned_ipv4_pool": "",
            "enable_dns64": false,
            "enable_lni_at_device_index": 0,
            "enable_resource_name_dns_a_record_on_launch": false,
            "enable_resource_name_dns_aaaa_record_on_launch": false,
            "id": "subnet-0e9d67e6c59eca408",
            "ipv6_cidr_block": "",
            "ipv6_cidr_block_association_id": "",
            "ipv6_native": false,
            "map_customer_owned_ip_on_launch": false,
            "map_public_ip_on_launch": true,
            "outpost_arn": "",
            "owner_id": "317006682323",
            "private_dns_hostname_type_on_launch": "ip-name",
            "tags": {
              "Environment": "production",
              "ManagedBy": "terraform",
              "Name": "Mineclifford-Innovation-Center-subnet",
              "Owner": "minecraft",
              "Project": "Mineclifford-Innovation-Center"
            },
            "tags_all": {
              "Environment": "production",
              "ManagedBy": "terraform",
              "Name": "Mineclifford-Innovation-Center-subnet",
              "Owner": "minecraft",
              "Project": "Mineclifford-Innovation-Center"
            },
            "timeouts": null,
            "vpc_id": "vpc-05652a53f89cb66e2"
          },
          "sensitive_attributes": [],
          "identity_schema_version": 0,
          "private": "eyJlMmJmYjczMC1lY2FhLTExZTYtOGY4OC0zNDM2M2JjN2M0YzAiOnsiY3JlYXRlIjo2MDAwMDAwMDAwMDAsImRlbGV0ZSI6MTIwMDAwMDAwMDAwMH0sInNjaGVtYV92ZXJzaW9uIjoiMSJ9",
          "dependencies": [
            "aws_vpc.vpc"
          ],
          "create_before_destroy": true
        }
      ]
    },
    {
      "mode": "managed",
      "type": "aws_vpc",
      "name": "vpc",
      "provider": "provider[\"registry.terraform.io/hashicorp/aws\"]",
      "instances": [
        {
          "schema_version": 1,
          "attributes": {
            "arn": "arn:aws:ec2:sa-east-1:317006682323:vpc/vpc-05652a53f89cb66e2",
            "assign_generated_ipv6_cidr_block": false,
            "cidr_block": "10.0.0.0/16",
            "default_network_acl_id": "acl-07c3d723930f60470",
            "default_route_table_id": "rtb-0e0fd2191f01ee4a6",
            "default_security_group_id": "sg-0d998c22c08e5d452",
            "dhcp_options_id": "dopt-08a09264e86b63f7c",
            "enable_dns_hostnames": true,
            "enable_dns_support": true,
            "enable_network_address_usage_metrics": false,
            "id": "vpc-05652a53f89cb66e2",
            "instance_tenancy": "default",
            "ipv4_ipam_pool_id": null,
            "ipv4_netmask_length": null,
            "ipv6_association_id": "",
            "ipv6_cidr_block": "",
            "ipv6_cidr_block_network_border_group": "",
            "ipv6_ipam_pool_id": "",
            "ipv6_netmask_length": 0,
            "main_route_table_id": "rtb-0e0fd2191f01ee4a6",
            "owner_id": "317006682323",
            "tags": {
              "Environment": "production",
              "ManagedBy": "terraform",
              "Name": "Mineclifford-Innovation-Center-vpc",
              "Owner": "minecraft",
              "Project": "Mineclifford-Innovation-Center"
            },
            "tags_all": {
              "Environment": "production",
              "ManagedBy": "terraform",
              "Name": "Mineclifford-Innovation-Center-vpc",
              "Owner": "minecraft",
              "Project": "Mineclifford-Innovation-Center"
            }
          },
          "sensitive_attributes": [],
          "identity_schema_version": 0,
          "private": "eyJzY2hlbWFfdmVyc2lvbiI6IjEifQ==",
          "create_before_destroy": true
        }
      ]
    },
    {
      "module": "module.inventory",
      "mode": "managed",
      "type": "local_file",
      "name": "ansible_inventory",
      "provider": "provider[\"registry.terraform.io/hashicorp/local\"]",
      "instances": [
        {
          "schema_version": 0,
          "attributes": {
            "content": "[instance1]\n18.228.124.31 ansible_ssh_user=ubuntu ansible_ssh_private_key_file=../../ssh_keys/instance1.pem",
            "content_base64": null,
            "content_base64sha256": "70avdnq5+eH40ewfcMLc74pQCI8oA2/sk8/+g/aCP/Y=",
            "content_base64sha512": "vCCueBA3FqrAyhh38iFNGVcrv8bTXN0g96+vLwIXGu5E7wtPViTNFqOT/MAUnqzr4ILyw1PpfB+ie3prxy4hoA==",
            "content_md5": "f1bbbf556327e80575bdd5a4a11901f1",
            "content_sha1": "535fe1258e6d7d377aedcb7d6676b22703a5a385",
            "content_sha256": "ef46af767ab9f9e1f8d1ec1f70c2dcef8a50088f28036fec93cffe83f6823ff6",
            "content_sha512": "bc20ae78103716aac0ca1877f2214d19572bbfc6d35cdd20f7afaf2f02171aee44ef0b4f5624cd16a393fcc0149eacebe082f2c353e97c1fa27b7a6bc72e21a0",
            "directory_permission": "0777",
            "file_permission": "0777",
            "filename": "./../../static_ip.ini",
            "id": "535fe1258e6d7d377aedcb7d6676b22703a5a385",
            "sensitive_content": null,
            "source": null
          },
          "sensitive_attributes": [
            [
              {
                "type": "get_attr",
                "value": "sensitive_content"
              }
            ]
          ],
          "identity_schema_version": 0,
          "dependencies": [
            "aws_eip.eip",
            "aws_instance.instance",
            "aws_key_pair.generated_key",
            "aws_security_group.sg",
            "aws_subnet.subnet",
            "aws_vpc.vpc",
            "data.aws_ami.ubuntu",
            "module.ssh_keys.tls_private_key.ssh_key"
          ]
        }
      ]
    },
    {
      "module": "module.ssh_keys",
      "mode": "managed",
      "type": "local_file",
      "name": "ssh_key_files",
      "provider": "provider[\"registry.terraform.io/hashicorp/local\"]",
      "instances": [
        {
          "index_key": "instance1",
          "schema_version": 0,
          "attributes": {
            "content": "-----BEGIN RSA PRIVATE KEY-----\nMIIEoQIBAAKCAQEAs5hVOC7+Wzsm8yy/kBnAzRcUkp6rmBXbhbZgniGH6EGU6Txr\n1f9CcG/FzrHqh2eizN308db95tZIXuO7DuSLGNLr7BSxJYvT/nag805NiuLXf9Ws\nep7sZGI6uir/+nC7QhcDH+1AG+Ob/zY6T3esnLdzBujW529gmczixO2lCHk9Th0X\nyXuL0O2IcxeO5XVvUzB7hltZaqCPbtptxICtiCSxtsiqcMv3LnHlDX/K5ZDhjPmU\nKdYBhT+WE0VTm0l9H1/anOHv/QviGZKujCR9a1X2pscDEiHfpcxQ3ovfsZReshhN\njPG7qQgFX8DBgXU4c1mXH3VhyZI8U5P7T6SLCQIDAQABAoH/QEclORaYss5ZAm/h\noBGXj8/S7ScdAzHPf+vmaLJXkijmwxN9BPp3LQbUJUZISm4tNmW6ZVQtS5EmFdAs\nAwiJQDk9dyFwxZ9mII0UzgAYgLzvpDE1qi13LfZ6TmdVdq0iWGUkGSkw6Mpt6snd\n1NNgVDbUVITBZdPXHzTVdOYZSw5/1TuWuZG0h/UU99benX3ZlNrfTpPWMnT6LZdG\nEaFWRvX3s2yRYvswgbTARV8RwzosH8VYThqpND9OWy+OR8cfLcBThvOVsqWxXJKk\n9VPWPdecJgUBDEJYNLAJqhXRfRrVY6sqCo3iD9SdgvVUfOp4B72omLADYP4xhPwA\nymxBAoGBAOFeDvfRFjWrTawsdtPByIB04CVXmiwWArQ+qYaLhzEBUKU9IPj0jiby\nHbJyZsPY0HIoIHYFZuGZ/1EIqYJ0rwMYqMFbSFUUl192//9HNxrKhx7gTn0jvUZf\nKFs3NTpZ5CHu6sS7Amwd+Qg3MhS0WN5dk6kIpTnCdXpK6aC8GB3JAoGBAMwBkU/v\nkpXHkkX1H5zhtLbIyU5lYLtoDXprBhSHICq2MVAgjL+ihYvRDUdGlifarcHiCb/7\nXWhmcXxIctn6A9/HgaZGEAmNWexu1x7xL53Owfx47L8FDqJ0TV0YgEFAJ3qYkDj0\nP9mFkoKp7F4FWfDDHRBrwu2Eec45EEWNHqNBAoGAdj71t40bDBnPbTD/P+gDHXM1\nUCKAn/UEgjIGnLOEwW+hMrG6JSWbmE+cyU5BIS0XYW4wafw3mNNGJOxYlDxIv2Um\n1hzg/NMLAWncs8JX5VSyRL8IL5ya6NtwvzteUDlt+2fyAjrk8HlherALNNXTcwjC\nOwRwPLgND5dSsaU/OhECgYEAoKKLXTnzXmTq1JMS9WDz/wlTGZvR8z8XfdFP1FIi\nDf+wDLvUmADMzy8pGXqHOZKDRytJKhYvksk3ivkxFlo7OrXJbLe2YQ8gQ39zfDXF\nnKj1Lmu5XyAISfrx/+AO/VIaw/nldjM9I3Z9ys0qBU6JZ377H7b6ojOyBaQBIALi\noQECgYBEeiUslDInfG6rAsZUKbhTkmdHAcvMdIRPSuMSsfn5hgxCbtyS+E7LQsIU\n50zXBffIzxi6tP6mw6g7bP8l+HOriMVX8CNIphTb39Iw46+zSjc4jULIqRgztq2G\n8/A4jD5Ib8zczAgDIXKu5w8c++peaLD3PGdT1Neg2OxEWrsW3A==\n-----END RSA PRIVATE KEY-----\n",
            "content_base64": null,
            "content_base64sha256": "hK111zYy7+0Byr5aweCJrz+2IfvNpv0E5iHSv2LCF3g=",
            "content_base64sha512": "45K6+KFj9qc9yRdegzCNWEKoHyF8vVTYx90CYVQq5egNSx2PARMsMUm4QID6NBjyiAcS4+btzgBgNY+xopoxTg==",
            "content_md5": "0afcad702f01983733e2d8e367a96f46",
            "content_sha1": "ca81da47f9da97bb35ad61670fdfdcdce87721ab",
            "content_sha256": "84ad75d73632efed01cabe5ac1e089af3fb621fbcda6fd04e621d2bf62c21778",
            "content_sha512": "e392baf8a163f6a73dc9175e83308d5842a81f217cbd54d8c7dd0261542ae5e80d4b1d8f01132c3149b84080fa3418f2880712e3e6edce0060358fb1a29a314e",
            "directory_permission": "0777",
            "file_permission": "0400",
            "filename": "./../../ssh_keys/instance1.pem",
            "id": "ca81da47f9da97bb35ad61670fdfdcdce87721ab",
            "sensitive_content": null,
            "source": null
          },
          "sensitive_attributes": [
            [
              {
                "type": "get_attr",
                "value": "content"
              }
            ],
            [
              {
                "type": "get_attr",
                "value": "sensitive_content"
              }
            ]
          ],
          "identity_schema_version": 0,
          "dependencies": [
            "module.ssh_keys.tls_private_key.ssh_key"
          ]
        }
      ]
    },
    {
      "module": "module.ssh_keys",
      "mode": "managed",
      "type": "tls_private_key",
      "name": "ssh_key",
      "provider": "provider[\"registry.terraform.io/hashicorp/tls\"]",
      "instances": [
        {
          "index_key": "instance1",
          "schema_version": 1,
          "attributes": {
            "algorithm": "RSA",
            "ecdsa_curve": "P224",
            "id": "56236ad0b06c14199881ad8b72a506e924c2805c",
            "private_key_openssh": "-----BEGIN OPENSSH PRIVATE KEY-----\nb3BlbnNzaC1rZXktdjEAAAAABG5vbmUAAAAEbm9uZQAAAAAAAAABAAABFwAAAAdz\nc2gtcnNhAAAAAwEAAQAAAQEAs5hVOC7+Wzsm8yy/kBnAzRcUkp6rmBXbhbZgniGH\n6EGU6Txr1f9CcG/FzrHqh2eizN308db95tZIXuO7DuSLGNLr7BSxJYvT/nag805N\niuLXf9Wsep7sZGI6uir/+nC7QhcDH+1AG+Ob/zY6T3esnLdzBujW529gmczixO2l\nCHk9Th0XyXuL0O2IcxeO5XVvUzB7hltZaqCPbtptxICtiCSxtsiqcMv3LnHlDX/K\n5ZDhjPmUKdYBhT+WE0VTm0l9H1/anOHv/QviGZKujCR9a1X2pscDEiHfpcxQ3ovf\nsZReshhNjPG7qQgFX8DBgXU4c1mXH3VhyZI8U5P7T6SLCQAAA7i+muLjvpri4wAA\nAAdzc2gtcnNhAAABAQCzmFU4Lv5bOybzLL+QGcDNFxSSnquYFduFtmCeIYfoQZTp\nPGvV/0Jwb8XOseqHZ6LM3fTx1v3m1khe47sO5IsY0uvsFLEli9P+dqDzTk2K4td/\n1ax6nuxkYjq6Kv/6cLtCFwMf7UAb45v/NjpPd6yct3MG6Nbnb2CZzOLE7aUIeT1O\nHRfJe4vQ7YhzF47ldW9TMHuGW1lqoI9u2m3EgK2IJLG2yKpwy/cuceUNf8rlkOGM\n+ZQp1gGFP5YTRVObSX0fX9qc4e/9C+IZkq6MJH1rVfamxwMSId+lzFDei9+xlF6y\nGE2M8bupCAVfwMGBdThzWZcfdWHJkjxTk/tPpIsJAAAAAwEAAQAAAP9ARyU5Fpiy\nzlkCb+GgEZePz9LtJx0DMc9/6+ZosleSKObDE30E+nctBtQlRkhKbi02ZbplVC1L\nkSYV0CwDCIlAOT13IXDFn2YgjRTOABiAvO+kMTWqLXct9npOZ1V2rSJYZSQZKTDo\nym3qyd3U02BUNtRUhMFl09cfNNV05hlLDn/VO5a5kbSH9RT31t6dfdmU2t9Ok9Yy\ndPotl0YRoVZG9fezbJFi+zCBtMBFXxHDOiwfxVhOGqk0P05bL45Hxx8twFOG85Wy\npbFckqT1U9Y915wmBQEMQlg0sAmqFdF9GtVjqyoKjeIP1J2C9VR86ngHvaiYsANg\n/jGE/ADKbEEAAACARHolLJQyJ3xuqwLGVCm4U5JnRwHLzHSET0rjErH5+YYMQm7c\nkvhOy0LCFOdM1wX3yM8YurT+psOoO2z/Jfhzq4jFV/AjSKYU29/SMOOvs0o3OI1C\nyKkYM7athvPwOIw+SG/M3MwIAyFyrucPHPvqXmiw9zxnU9TXoNjsRFq7FtwAAACB\nAOFeDvfRFjWrTawsdtPByIB04CVXmiwWArQ+qYaLhzEBUKU9IPj0jibyHbJyZsPY\n0HIoIHYFZuGZ/1EIqYJ0rwMYqMFbSFUUl192//9HNxrKhx7gTn0jvUZfKFs3NTpZ\n5CHu6sS7Amwd+Qg3MhS0WN5dk6kIpTnCdXpK6aC8GB3JAAAAgQDMAZFP75KVx5JF\n9R+c4bS2yMlOZWC7aA16awYUhyAqtjFQIIy/ooWL0Q1HRpYn2q3B4gm/+11oZnF8\nSHLZ+gPfx4GmRhAJjVnsbtce8S+dzsH8eOy/BQ6idE1dGIBBQCd6mJA49D/ZhZKC\nqexeBVnwwx0Qa8LthHnOORBFjR6jQQAAAAABAgME\n-----END OPENSSH PRIVATE KEY-----\n",
            "private_key_pem": "-----BEGIN RSA PRIVATE KEY-----\nMIIEoQIBAAKCAQEAs5hVOC7+Wzsm8yy/kBnAzRcUkp6rmBXbhbZgniGH6EGU6Txr\n1f9CcG/FzrHqh2eizN308db95tZIXuO7DuSLGNLr7BSxJYvT/nag805NiuLXf9Ws\nep7sZGI6uir/+nC7QhcDH+1AG+Ob/zY6T3esnLdzBujW529gmczixO2lCHk9Th0X\nyXuL0O2IcxeO5XVvUzB7hltZaqCPbtptxICtiCSxtsiqcMv3LnHlDX/K5ZDhjPmU\nKdYBhT+WE0VTm0l9H1/anOHv/QviGZKujCR9a1X2pscDEiHfpcxQ3ovfsZReshhN\njPG7qQgFX8DBgXU4c1mXH3VhyZI8U5P7T6SLCQIDAQABAoH/QEclORaYss5ZAm/h\noBGXj8/S7ScdAzHPf+vmaLJXkijmwxN9BPp3LQbUJUZISm4tNmW6ZVQtS5EmFdAs\nAwiJQDk9dyFwxZ9mII0UzgAYgLzvpDE1qi13LfZ6TmdVdq0iWGUkGSkw6Mpt6snd\n1NNgVDbUVITBZdPXHzTVdOYZSw5/1TuWuZG0h/UU99benX3ZlNrfTpPWMnT6LZdG\nEaFWRvX3s2yRYvswgbTARV8RwzosH8VYThqpND9OWy+OR8cfLcBThvOVsqWxXJKk\n9VPWPdecJgUBDEJYNLAJqhXRfRrVY6sqCo3iD9SdgvVUfOp4B72omLADYP4xhPwA\nymxBAoGBAOFeDvfRFjWrTawsdtPByIB04CVXmiwWArQ+qYaLhzEBUKU9IPj0jiby\nHbJyZsPY0HIoIHYFZuGZ/1EIqYJ0rwMYqMFbSFUUl192//9HNxrKhx7gTn0jvUZf\nKFs3NTpZ5CHu6sS7Amwd+Qg3MhS0WN5dk6kIpTnCdXpK6aC8GB3JAoGBAMwBkU/v\nkpXHkkX1H5zhtLbIyU5lYLtoDXprBhSHICq2MVAgjL+ihYvRDUdGlifarcHiCb/7\nXWhmcXxIctn6A9/HgaZGEAmNWexu1x7xL53Owfx47L8FDqJ0TV0YgEFAJ3qYkDj0\nP9mFkoKp7F4FWfDDHRBrwu2Eec45EEWNHqNBAoGAdj71t40bDBnPbTD/P+gDHXM1\nUCKAn/UEgjIGnLOEwW+hMrG6JSWbmE+cyU5BIS0XYW4wafw3mNNGJOxYlDxIv2Um\n1hzg/NMLAWncs8JX5VSyRL8IL5ya6NtwvzteUDlt+2fyAjrk8HlherALNNXTcwjC\nOwRwPLgND5dSsaU/OhECgYEAoKKLXTnzXmTq1JMS9WDz/wlTGZvR8z8XfdFP1FIi\nDf+wDLvUmADMzy8pGXqHOZKDRytJKhYvksk3ivkxFlo7OrXJbLe2YQ8gQ39zfDXF\nnKj1Lmu5XyAISfrx/+AO/VIaw/nldjM9I3Z9ys0qBU6JZ377H7b6ojOyBaQBIALi\noQECgYBEeiUslDInfG6rAsZUKbhTkmdHAcvMdIRPSuMSsfn5hgxCbtyS+E7LQsIU\n50zXBffIzxi6tP6mw6g7bP8l+HOriMVX8CNIphTb39Iw46+zSjc4jULIqRgztq2G\n8/A4jD5Ib8zczAgDIXKu5w8c++peaLD3PGdT1Neg2OxEWrsW3A==\n-----END RSA PRIVATE KEY-----\n",
            "private_key_pem_pkcs8": "-----BEGIN PRIVATE KEY-----\nMIIEuwIBADANBgkqhkiG9w0BAQEFAASCBKUwggShAgEAAoIBAQCzmFU4Lv5bOybz\nLL+QGcDNFxSSnquYFduFtmCeIYfoQZTpPGvV/0Jwb8XOseqHZ6LM3fTx1v3m1khe\n47sO5IsY0uvsFLEli9P+dqDzTk2K4td/1ax6nuxkYjq6Kv/6cLtCFwMf7UAb45v/\nNjpPd6yct3MG6Nbnb2CZzOLE7aUIeT1OHRfJe4vQ7YhzF47ldW9TMHuGW1lqoI9u\n2m3EgK2IJLG2yKpwy/cuceUNf8rlkOGM+ZQp1gGFP5YTRVObSX0fX9qc4e/9C+IZ\nkq6MJH1rVfamxwMSId+lzFDei9+xlF6yGE2M8bupCAVfwMGBdThzWZcfdWHJkjxT\nk/tPpIsJAgMBAAECgf9ARyU5FpiyzlkCb+GgEZePz9LtJx0DMc9/6+ZosleSKObD\nE30E+nctBtQlRkhKbi02ZbplVC1LkSYV0CwDCIlAOT13IXDFn2YgjRTOABiAvO+k\nMTWqLXct9npOZ1V2rSJYZSQZKTDoym3qyd3U02BUNtRUhMFl09cfNNV05hlLDn/V\nO5a5kbSH9RT31t6dfdmU2t9Ok9YydPotl0YRoVZG9fezbJFi+zCBtMBFXxHDOiwf\nxVhOGqk0P05bL45Hxx8twFOG85WypbFckqT1U9Y915wmBQEMQlg0sAmqFdF9GtVj\nqyoKjeIP1J2C9VR86ngHvaiYsANg/jGE/ADKbEECgYEA4V4O99EWNatNrCx208HI\ngHTgJVeaLBYCtD6phouHMQFQpT0g+PSOJvIdsnJmw9jQciggdgVm4Zn/UQipgnSv\nAxiowVtIVRSXX3b//0c3GsqHHuBOfSO9Rl8oWzc1OlnkIe7qxLsCbB35CDcyFLRY\n3l2TqQilOcJ1ekrpoLwYHckCgYEAzAGRT++SlceSRfUfnOG0tsjJTmVgu2gNemsG\nFIcgKrYxUCCMv6KFi9ENR0aWJ9qtweIJv/tdaGZxfEhy2foD38eBpkYQCY1Z7G7X\nHvEvnc7B/HjsvwUOonRNXRiAQUAnepiQOPQ/2YWSgqnsXgVZ8MMdEGvC7YR5zjkQ\nRY0eo0ECgYB2PvW3jRsMGc9tMP8/6AMdczVQIoCf9QSCMgacs4TBb6EysbolJZuY\nT5zJTkEhLRdhbjBp/DeY00Yk7FiUPEi/ZSbWHOD80wsBadyzwlflVLJEvwgvnJro\n23C/O15QOW37Z/ICOuTweWF6sAs01dNzCMI7BHA8uA0Pl1KxpT86EQKBgQCgootd\nOfNeZOrUkxL1YPP/CVMZm9HzPxd90U/UUiIN/7AMu9SYAMzPLykZeoc5koNHK0kq\nFi+SyTeK+TEWWjs6tclst7ZhDyBDf3N8NcWcqPUua7lfIAhJ+vH/4A79UhrD+eV2\nMz0jdn3KzSoFTolnfvsftvqiM7IFpAEgAuKhAQKBgER6JSyUMid8bqsCxlQpuFOS\nZ0cBy8x0hE9K4xKx+fmGDEJu3JL4TstCwhTnTNcF98jPGLq0/qbDqDts/yX4c6uI\nxVfwI0imFNvf0jDjr7NKNziNQsipGDO2rYbz8DiMPkhvzNzMCAMhcq7nDxz76l5o\nsPc8Z1PU16DY7ERauxbc\n-----END PRIVATE KEY-----\n",
            "public_key_fingerprint_md5": "25:0b:3d:9d:de:9e:c8:21:23:cb:6e:de:86:14:79:09",
            "public_key_fingerprint_sha256": "SHA256:Qd9Ldmv59nO9pIMakNRZxw2Y5y6ke4OnoFhdgdBiGSk",
            "public_key_openssh": "ssh-rsa AAAAB3NzaC1yc2EAAAADAQABAAABAQCzmFU4Lv5bOybzLL+QGcDNFxSSnquYFduFtmCeIYfoQZTpPGvV/0Jwb8XOseqHZ6LM3fTx1v3m1khe47sO5IsY0uvsFLEli9P+dqDzTk2K4td/1ax6nuxkYjq6Kv/6cLtCFwMf7UAb45v/NjpPd6yct3MG6Nbnb2CZzOLE7aUIeT1OHRfJe4vQ7YhzF47ldW9TMHuGW1lqoI9u2m3EgK2IJLG2yKpwy/cuceUNf8rlkOGM+ZQp1gGFP5YTRVObSX0fX9qc4e/9C+IZkq6MJH1rVfamxwMSId+lzFDei9+xlF6yGE2M8bupCAVfwMGBdThzWZcfdWHJkjxTk/tPpIsJ\n",
            "public_key_pem": "-----BEGIN PUBLIC KEY-----\nMIIBIjANBgkqhkiG9w0BAQEFAAOCAQ8AMIIBCgKCAQEAs5hVOC7+Wzsm8yy/kBnA\nzRcUkp6rmBXbhbZgniGH6EGU6Txr1f9CcG/FzrHqh2eizN308db95tZIXuO7DuSL\nGNLr7BSxJYvT/nag805NiuLXf9Wsep7sZGI6uir/+nC7QhcDH+1AG+Ob/zY6T3es\nnLdzBujW529gmczixO2lCHk9Th0XyXuL0O2IcxeO5XVvUzB7hltZaqCPbtptxICt\niCSxtsiqcMv3LnHlDX/K5ZDhjPmUKdYBhT+WE0VTm0l9H1/anOHv/QviGZKujCR9\na1X2pscDEiHfpcxQ3ovfsZReshhNjPG7qQgFX8DBgXU4c1mXH3VhyZI8U5P7T6SL\nCQIDAQAB\n-----END PUBLIC KEY-----\n",
            "rsa_bits": 2048
          },
          "sensitive_attributes": [
            [
              {
                "type": "get_attr",
                "value": "private_key_openssh"
              }
            ],
            [
              {
                "type": "get_attr",
                "value": "private_key_pem"
              }
            ],
            [
              {
                "type": "get_attr",
                "value": "private_key_pem_pkcs8"
              }
            ]
          ],
          "identity_schema_version": 0
        }
      ]
    }
  ],
  "check_results": null
}
